<?xml version="1.0" encoding="UTF-8" standalone="yes" ?>
<CodeBlocks_project_file>
	<FileVersion major="1" minor="6" />
	<Project>
		<Option title="CryptoKernel" />
		<Option pch_mode="2" />
		<Option compiler="gcc" />
		<Build>
			<Target title="Debug-Unix">
				<Option output="bin/Debug/CryptoKernel" prefix_auto="1" extension_auto="1" />
				<Option working_dir="" />
				<Option object_output="obj/Debug/" />
				<Option type="2" />
				<Option compiler="gcc" />
				<Compiler>
					<Add option="-std=c++14" />
					<Add option="-g" />
					<Add option="-fPIC" />
				</Compiler>
			</Target>
			<Target title="Release-Unix">
				<Option output="bin/Release/CryptoKernel" prefix_auto="1" extension_auto="1" />
				<Option working_dir="" />
				<Option object_output="obj/Release/" />
				<Option type="2" />
				<Option compiler="gcc" />
				<Compiler>
					<Add option="-O2" />
					<Add option="-fPIC" />
				</Compiler>
				<Linker>
					<Add option="-s" />
				</Linker>
			</Target>
			<Target title="Debug-Windows">
				<Option output="bin/Debug/CryptoKernel" prefix_auto="1" extension_auto="1" />
				<Option working_dir="bin/Debug" />
				<Option object_output="obj/Debug/" />
				<Option type="3" />
				<Option compiler="gcc" />
				<Option createStaticLib="1" />
				<Compiler>
					<Add option="-g" />
					<Add option="-std=c++14" />
				</Compiler>
				<Linker>
					<Add option="-lws2_32" />
					<Add option="-lgdi32" />
					<Add option="-lwinmm" />
				</Linker>
			</Target>
			<Target title="Release-Windows">
				<Option output="bin/Release/CryptoKernel" imp_lib="$(TARGET_OUTPUT_DIR)$(TARGET_OUTPUT_BASENAME).a" def_file="$(TARGET_OUTPUT_DIR)$(TARGET_OUTPUT_BASENAME).def" prefix_auto="1" extension_auto="1" />
				<Option object_output="obj/Release/" />
				<Option type="3" />
				<Option compiler="gcc" />
				<Option createStaticLib="1" />
				<Compiler>
					<Add option="-O2" />
				</Compiler>
				<Linker>
					<Add option="-s" />
					<Add option="-lws2_32" />
					<Add option="-lgdi32" />
					<Add option="-lwinmm" />
				</Linker>
			</Target>
		</Build>
		<Compiler>
			<Add option="-Wall" />
			<Add option="-std=c++14" />
		</Compiler>
		<Linker>
			<Add option="-lcrypto" />
			<Add option="-lenet" />
			<Add option="-pthread" />
			<Add option="-lleveldb" />
			<Add option="-ljsoncpp" />
		</Linker>
		<Unit filename="base64.cpp" />
		<Unit filename="base64.h" />
		<Unit filename="blockchain.cpp" />
		<Unit filename="blockchain.h" />
		<Unit filename="crypto.cpp" />
		<Unit filename="crypto.h" />
		<Unit filename="log.cpp" />
		<Unit filename="log.h" />
		<Unit filename="math.cpp" />
		<Unit filename="math.h" />
		<Unit filename="network.cpp" />
		<Unit filename="network.h" />
		<Unit filename="storage.cpp" />
		<Unit filename="storage.h" />
		<Unit filename="version.h" />
		<Extensions>
			<code_completion />
			<debugger />
			<envvars />
		</Extensions>
	</Project>
</CodeBlocks_project_file>
